// !$*UTF8*$!
{
	archiveVersion = 1;
	classes = {
	};
	objectVersion = 56;
	objects = {

/* Begin PBXBuildFile section */
		E01000001000000100000001 /* DaycatcherApp.swift in Sources */ = {isa = PBXBuildFile; fileRef = E02000001000000100000001 /* DaycatcherApp.swift */; };
		E01000001000000100000002 /* ContentView.swift in Sources */ = {isa = PBXBuildFile; fileRef = E02000001000000100000002 /* ContentView.swift */; };
		E01000001000000100000003 /* PersistenceController.swift in Sources */ = {isa = PBXBuildFile; fileRef = E02000001000000100000003 /* PersistenceController.swift */; };
		E01000001000000100000004 /* Enums.swift in Sources */ = {isa = PBXBuildFile; fileRef = E02000001000000100000004 /* Enums.swift */; };
		E01000001000000100000005 /* LovedOne+CoreDataClass.swift in Sources */ = {isa = PBXBuildFile; fileRef = E02000001000000100000005 /* LovedOne+CoreDataClass.swift */; };
		E01000001000000100000006 /* Memory+CoreDataClass.swift in Sources */ = {isa = PBXBuildFile; fileRef = E02000001000000100000006 /* Memory+CoreDataClass.swift */; };
		E01000001000000100000007 /* Event+CoreDataClass.swift in Sources */ = {isa = PBXBuildFile; fileRef = E02000001000000100000007 /* Event+CoreDataClass.swift */; };
		E01000001000000100000008 /* Tag+CoreDataClass.swift in Sources */ = {isa = PBXBuildFile; fileRef = E02000001000000100000008 /* Tag+CoreDataClass.swift */; };
		E01000001000000100000009 /* WeeklyDigest+CoreDataClass.swift in Sources */ = {isa = PBXBuildFile; fileRef = E02000001000000100000009 /* WeeklyDigest+CoreDataClass.swift */; };
		E01000001000000100000010 /* Daycatcher.xcdatamodeld in Sources */ = {isa = PBXBuildFile; fileRef = E02000001000000100000010 /* Daycatcher.xcdatamodeld */; };
		E01000001000000100000011 /* ThemeManager.swift in Sources */ = {isa = PBXBuildFile; fileRef = E02000001000000100000011 /* ThemeManager.swift */; };
		E01000001000000100000012 /* MediaManager.swift in Sources */ = {isa = PBXBuildFile; fileRef = E02000001000000100000012 /* MediaManager.swift */; };
		E01000001000000100000013 /* HomeView.swift in Sources */ = {isa = PBXBuildFile; fileRef = E02000001000000100000013 /* HomeView.swift */; };
		E01000001000000100000014 /* LovedOnesView.swift in Sources */ = {isa = PBXBuildFile; fileRef = E02000001000000100000014 /* LovedOnesView.swift */; };
		E01000001000000100000015 /* LovedOneDetailView.swift in Sources */ = {isa = PBXBuildFile; fileRef = E02000001000000100000015 /* LovedOneDetailView.swift */; };
		E01000001000000100000016 /* AddLovedOneView.swift in Sources */ = {isa = PBXBuildFile; fileRef = E02000001000000100000016 /* AddLovedOneView.swift */; };
		E01000001000000100000017 /* EditLovedOneView.swift in Sources */ = {isa = PBXBuildFile; fileRef = E02000001000000100000017 /* EditLovedOneView.swift */; };
		E01000001000000100000018 /* MemoriesTimelineView.swift in Sources */ = {isa = PBXBuildFile; fileRef = E02000001000000100000018 /* MemoriesTimelineView.swift */; };
		E01000001000000100000019 /* MemoryDetailView.swift in Sources */ = {isa = PBXBuildFile; fileRef = E02000001000000100000019 /* MemoryDetailView.swift */; };
		E01000001000000100000020 /* EditMemoryView.swift in Sources */ = {isa = PBXBuildFile; fileRef = E02000001000000100000020 /* EditMemoryView.swift */; };
		E01000001000000100000021 /* EventsView.swift in Sources */ = {isa = PBXBuildFile; fileRef = E02000001000000100000021 /* EventsView.swift */; };
		E01000001000000100000022 /* EventDetailView.swift in Sources */ = {isa = PBXBuildFile; fileRef = E02000001000000100000022 /* EventDetailView.swift */; };
		E01000001000000100000023 /* AddEventView.swift in Sources */ = {isa = PBXBuildFile; fileRef = E02000001000000100000023 /* AddEventView.swift */; };
		E01000001000000100000024 /* EditEventView.swift in Sources */ = {isa = PBXBuildFile; fileRef = E02000001000000100000024 /* EditEventView.swift */; };
		E01000001000000100000025 /* SettingsView.swift in Sources */ = {isa = PBXBuildFile; fileRef = E02000001000000100000025 /* SettingsView.swift */; };
		E01000001000000100000026 /* PermissionsManager.swift in Sources */ = {isa = PBXBuildFile; fileRef = E02000001000000100000026 /* PermissionsManager.swift */; };
		E01000001000000100000027 /* PhotoCaptureView.swift in Sources */ = {isa = PBXBuildFile; fileRef = E02000001000000100000027 /* PhotoCaptureView.swift */; };
		E01000001000000100000028 /* VideoCaptureView.swift in Sources */ = {isa = PBXBuildFile; fileRef = E02000001000000100000028 /* VideoCaptureView.swift */; };
		E01000001000000100000029 /* AudioCaptureView.swift in Sources */ = {isa = PBXBuildFile; fileRef = E02000001000000100000029 /* AudioCaptureView.swift */; };
		E01000001000000100000030 /* TextCaptureView.swift in Sources */ = {isa = PBXBuildFile; fileRef = E02000001000000100000031 /* TextCaptureView.swift */; };
		E01000001000000100000032 /* CaptureFlowContainer.swift in Sources */ = {isa = PBXBuildFile; fileRef = E02000001000000100000032 /* CaptureFlowContainer.swift */; };
		E01000001000000100000033 /* MediaSyncManager.swift in Sources */ = {isa = PBXBuildFile; fileRef = E02000001000000100000033 /* MediaSyncManager.swift */; };
		E01000001000000100000034 /* SyncStatusBadge.swift in Sources */ = {isa = PBXBuildFile; fileRef = E02000001000000100000034 /* SyncStatusBadge.swift */; };
		E01000001000000100000035 /* CalendarTimelineView.swift in Sources */ = {isa = PBXBuildFile; fileRef = E02000001000000100000035 /* CalendarTimelineView.swift */; };
		E01000001000000100000036 /* DiscoveryService.swift in Sources */ = {isa = PBXBuildFile; fileRef = E02000001000000100000036 /* DiscoveryService.swift */; };
		E01000001000000100000037 /* DiscoveryCard.swift in Sources */ = {isa = PBXBuildFile; fileRef = E02000001000000100000037 /* DiscoveryCard.swift */; };
		E01000001000000100000038 /* SearchHistoryManager.swift in Sources */ = {isa = PBXBuildFile; fileRef = E02000001000000100000038 /* SearchHistoryManager.swift */; };
		E01000001000000100000039 /* SearchSuggestionsView.swift in Sources */ = {isa = PBXBuildFile; fileRef = E02000001000000100000039 /* SearchSuggestionsView.swift */; };
		E01000001000000100000040 /* HighlightedText.swift in Sources */ = {isa = PBXBuildFile; fileRef = E02000001000000100000040 /* HighlightedText.swift */; };
		E01000001000000100000041 /* NotificationManager.swift in Sources */ = {isa = PBXBuildFile; fileRef = E02000001000000100000041 /* NotificationManager.swift */; };
		E01000001000000100000042 /* AITaggingService.swift in Sources */ = {isa = PBXBuildFile; fileRef = E02000001000000100000042 /* AITaggingService.swift */; };
		E01000001000000100000043 /* DigestService.swift in Sources */ = {isa = PBXBuildFile; fileRef = E02000001000000100000043 /* DigestService.swift */; };
		E01000001000000100000044 /* DigestsView.swift in Sources */ = {isa = PBXBuildFile; fileRef = E02000001000000100000044 /* DigestsView.swift */; };
		E01000001000000100000045 /* DigestDetailView.swift in Sources */ = {isa = PBXBuildFile; fileRef = E02000001000000100000045 /* DigestDetailView.swift */; };
		E0T000001000000100000001 /* EnumTests.swift in Sources */ = {isa = PBXBuildFile; fileRef = E0T000002000000100000001 /* EnumTests.swift */; };
		E0T000001000000100000002 /* MediaManagerTests.swift in Sources */ = {isa = PBXBuildFile; fileRef = E0T000002000000100000002 /* MediaManagerTests.swift */; };
		E0T000001000000100000003 /* MediaSyncManagerTests.swift in Sources */ = {isa = PBXBuildFile; fileRef = E0T000002000000100000003 /* MediaSyncManagerTests.swift */; };
/* End PBXBuildFile section */

/* Begin PBXContainerItemProxy section */
		E0T000003000000100000001 /* PBXContainerItemProxy */ = {
			isa = PBXContainerItemProxy;
			containerPortal = E09000001000000100000001 /* Project object */;
			proxyType = 1;
			remoteGlobalIDString = E06000001000000100000001;
			remoteInfo = Daycatcher;
		};
/* End PBXContainerItemProxy section */

/* Begin PBXFileReference section */
		E02000001000000100000001 /* DaycatcherApp.swift */ = {isa = PBXFileReference; lastKnownFileType = sourcecode.swift; path = DaycatcherApp.swift; sourceTree = "<group>"; };
		E02000001000000100000002 /* ContentView.swift */ = {isa = PBXFileReference; lastKnownFileType = sourcecode.swift; path = ContentView.swift; sourceTree = "<group>"; };
		E02000001000000100000003 /* PersistenceController.swift */ = {isa = PBXFileReference; lastKnownFileType = sourcecode.swift; path = PersistenceController.swift; sourceTree = "<group>"; };
		E02000001000000100000004 /* Enums.swift */ = {isa = PBXFileReference; lastKnownFileType = sourcecode.swift; path = Enums.swift; sourceTree = "<group>"; };
		E02000001000000100000005 /* LovedOne+CoreDataClass.swift */ = {isa = PBXFileReference; lastKnownFileType = sourcecode.swift; path = "LovedOne+CoreDataClass.swift"; sourceTree = "<group>"; };
		E02000001000000100000006 /* Memory+CoreDataClass.swift */ = {isa = PBXFileReference; lastKnownFileType = sourcecode.swift; path = "Memory+CoreDataClass.swift"; sourceTree = "<group>"; };
		E02000001000000100000007 /* Event+CoreDataClass.swift */ = {isa = PBXFileReference; lastKnownFileType = sourcecode.swift; path = "Event+CoreDataClass.swift"; sourceTree = "<group>"; };
		E02000001000000100000008 /* Tag+CoreDataClass.swift */ = {isa = PBXFileReference; lastKnownFileType = sourcecode.swift; path = "Tag+CoreDataClass.swift"; sourceTree = "<group>"; };
		E02000001000000100000009 /* WeeklyDigest+CoreDataClass.swift */ = {isa = PBXFileReference; lastKnownFileType = sourcecode.swift; path = "WeeklyDigest+CoreDataClass.swift"; sourceTree = "<group>"; };
		E02000001000000100000011 /* ThemeManager.swift */ = {isa = PBXFileReference; lastKnownFileType = sourcecode.swift; path = ThemeManager.swift; sourceTree = "<group>"; };
		E02000001000000100000012 /* MediaManager.swift */ = {isa = PBXFileReference; lastKnownFileType = sourcecode.swift; path = MediaManager.swift; sourceTree = "<group>"; };
		E02000001000000100000013 /* HomeView.swift */ = {isa = PBXFileReference; lastKnownFileType = sourcecode.swift; path = HomeView.swift; sourceTree = "<group>"; };
		E02000001000000100000014 /* LovedOnesView.swift */ = {isa = PBXFileReference; lastKnownFileType = sourcecode.swift; path = LovedOnesView.swift; sourceTree = "<group>"; };
		E02000001000000100000015 /* LovedOneDetailView.swift */ = {isa = PBXFileReference; lastKnownFileType = sourcecode.swift; path = LovedOneDetailView.swift; sourceTree = "<group>"; };
		E02000001000000100000016 /* AddLovedOneView.swift */ = {isa = PBXFileReference; lastKnownFileType = sourcecode.swift; path = AddLovedOneView.swift; sourceTree = "<group>"; };
		E02000001000000100000017 /* EditLovedOneView.swift */ = {isa = PBXFileReference; lastKnownFileType = sourcecode.swift; path = EditLovedOneView.swift; sourceTree = "<group>"; };
		E02000001000000100000018 /* MemoriesTimelineView.swift */ = {isa = PBXFileReference; lastKnownFileType = sourcecode.swift; path = MemoriesTimelineView.swift; sourceTree = "<group>"; };
		E02000001000000100000019 /* MemoryDetailView.swift */ = {isa = PBXFileReference; lastKnownFileType = sourcecode.swift; path = MemoryDetailView.swift; sourceTree = "<group>"; };
		E02000001000000100000020 /* EditMemoryView.swift */ = {isa = PBXFileReference; lastKnownFileType = sourcecode.swift; path = EditMemoryView.swift; sourceTree = "<group>"; };
		E02000001000000100000021 /* EventsView.swift */ = {isa = PBXFileReference; lastKnownFileType = sourcecode.swift; path = EventsView.swift; sourceTree = "<group>"; };
		E02000001000000100000022 /* EventDetailView.swift */ = {isa = PBXFileReference; lastKnownFileType = sourcecode.swift; path = EventDetailView.swift; sourceTree = "<group>"; };
		E02000001000000100000023 /* AddEventView.swift */ = {isa = PBXFileReference; lastKnownFileType = sourcecode.swift; path = AddEventView.swift; sourceTree = "<group>"; };
		E02000001000000100000024 /* EditEventView.swift */ = {isa = PBXFileReference; lastKnownFileType = sourcecode.swift; path = EditEventView.swift; sourceTree = "<group>"; };
		E02000001000000100000025 /* SettingsView.swift */ = {isa = PBXFileReference; lastKnownFileType = sourcecode.swift; path = SettingsView.swift; sourceTree = "<group>"; };
		E02000001000000100000026 /* PermissionsManager.swift */ = {isa = PBXFileReference; lastKnownFileType = sourcecode.swift; path = PermissionsManager.swift; sourceTree = "<group>"; };
		E02000001000000100000027 /* PhotoCaptureView.swift */ = {isa = PBXFileReference; lastKnownFileType = sourcecode.swift; path = PhotoCaptureView.swift; sourceTree = "<group>"; };
		E02000001000000100000028 /* VideoCaptureView.swift */ = {isa = PBXFileReference; lastKnownFileType = sourcecode.swift; path = VideoCaptureView.swift; sourceTree = "<group>"; };
		E02000001000000100000029 /* AudioCaptureView.swift */ = {isa = PBXFileReference; lastKnownFileType = sourcecode.swift; path = AudioCaptureView.swift; sourceTree = "<group>"; };
		E02000001000000100000030 /* Daycatcher.xcdatamodel */ = {isa = PBXFileReference; lastKnownFileType = wrapper.xcdatamodel; path = Daycatcher.xcdatamodel; sourceTree = "<group>"; };
		E02000001000000100000031 /* TextCaptureView.swift */ = {isa = PBXFileReference; lastKnownFileType = sourcecode.swift; path = TextCaptureView.swift; sourceTree = "<group>"; };
		E02000001000000100000032 /* CaptureFlowContainer.swift */ = {isa = PBXFileReference; lastKnownFileType = sourcecode.swift; path = CaptureFlowContainer.swift; sourceTree = "<group>"; };
		E02000001000000100000033 /* MediaSyncManager.swift */ = {isa = PBXFileReference; lastKnownFileType = sourcecode.swift; path = MediaSyncManager.swift; sourceTree = "<group>"; };
		E02000001000000100000034 /* SyncStatusBadge.swift */ = {isa = PBXFileReference; lastKnownFileType = sourcecode.swift; path = SyncStatusBadge.swift; sourceTree = "<group>"; };
		E02000001000000100000035 /* CalendarTimelineView.swift */ = {isa = PBXFileReference; lastKnownFileType = sourcecode.swift; path = CalendarTimelineView.swift; sourceTree = "<group>"; };
		E02000001000000100000036 /* DiscoveryService.swift */ = {isa = PBXFileReference; lastKnownFileType = sourcecode.swift; path = DiscoveryService.swift; sourceTree = "<group>"; };
		E02000001000000100000037 /* DiscoveryCard.swift */ = {isa = PBXFileReference; lastKnownFileType = sourcecode.swift; path = DiscoveryCard.swift; sourceTree = "<group>"; };
		E02000001000000100000038 /* SearchHistoryManager.swift */ = {isa = PBXFileReference; lastKnownFileType = sourcecode.swift; path = SearchHistoryManager.swift; sourceTree = "<group>"; };
		E02000001000000100000039 /* SearchSuggestionsView.swift */ = {isa = PBXFileReference; lastKnownFileType = sourcecode.swift; path = SearchSuggestionsView.swift; sourceTree = "<group>"; };
		E02000001000000100000040 /* HighlightedText.swift */ = {isa = PBXFileReference; lastKnownFileType = sourcecode.swift; path = HighlightedText.swift; sourceTree = "<group>"; };
		E02000001000000100000041 /* NotificationManager.swift */ = {isa = PBXFileReference; lastKnownFileType = sourcecode.swift; path = NotificationManager.swift; sourceTree = "<group>"; };
		E02000001000000100000042 /* AITaggingService.swift */ = {isa = PBXFileReference; lastKnownFileType = sourcecode.swift; path = AITaggingService.swift; sourceTree = "<group>"; };
		E02000001000000100000043 /* DigestService.swift */ = {isa = PBXFileReference; lastKnownFileType = sourcecode.swift; path = DigestService.swift; sourceTree = "<group>"; };
		E02000001000000100000044 /* DigestsView.swift */ = {isa = PBXFileReference; lastKnownFileType = sourcecode.swift; path = DigestsView.swift; sourceTree = "<group>"; };
		E02000001000000100000045 /* DigestDetailView.swift */ = {isa = PBXFileReference; lastKnownFileType = sourcecode.swift; path = DigestDetailView.swift; sourceTree = "<group>"; };
		E03000001000000100000001 /* Daycatcher.app */ = {isa = PBXFileReference; explicitFileType = wrapper.application; includeInIndex = 0; path = Daycatcher.app; sourceTree = BUILT_PRODUCTS_DIR; };
		E03000001000000100000002 /* Daycatcher.entitlements */ = {isa = PBXFileReference; lastKnownFileType = text.plist.entitlements; path = Daycatcher.entitlements; sourceTree = "<group>"; };
		E0T000002000000100000001 /* EnumTests.swift */ = {isa = PBXFileReference; lastKnownFileType = sourcecode.swift; path = EnumTests.swift; sourceTree = "<group>"; };
		E0T000002000000100000002 /* MediaManagerTests.swift */ = {isa = PBXFileReference; lastKnownFileType = sourcecode.swift; path = MediaManagerTests.swift; sourceTree = "<group>"; };
		E0T000002000000100000003 /* MediaSyncManagerTests.swift */ = {isa = PBXFileReference; lastKnownFileType = sourcecode.swift; path = MediaSyncManagerTests.swift; sourceTree = "<group>"; };
		E0T000004000000100000001 /* DaycatcherTests.xctest */ = {isa = PBXFileReference; explicitFileType = wrapper.cfbundle; includeInIndex = 0; path = DaycatcherTests.xctest; sourceTree = BUILT_PRODUCTS_DIR; };
/* End PBXFileReference section */

/* Begin PBXFrameworksBuildPhase section */
		E04000001000000100000001 /* Frameworks */ = {
			isa = PBXFrameworksBuildPhase;
			buildActionMask = 2147483647;
			files = (
			);
			runOnlyForDeploymentPostprocessing = 0;
		};
		E0T000005000000100000001 /* Frameworks */ = {
			isa = PBXFrameworksBuildPhase;
			buildActionMask = 2147483647;
			files = (
			);
			runOnlyForDeploymentPostprocessing = 0;
		};
/* End PBXFrameworksBuildPhase section */

/* Begin PBXGroup section */
		E05000001000000100000001 = {
			isa = PBXGroup;
			children = (
				E05000001000000100000002 /* Daycatcher */,
				E0T000006000000100000001 /* DaycatcherTests */,
				E05000001000000100000003 /* Products */,
			);
			sourceTree = "<group>";
		};
		E05000001000000100000002 /* Daycatcher */ = {
			isa = PBXGroup;
			children = (
				E03000001000000100000002 /* Daycatcher.entitlements */,
				E05000001000000100000004 /* App */,
				E05000001000000100000005 /* Models */,
				E05000001000000100000006 /* Views */,
				E05000001000000100000007 /* Services */,
				E05000001000000100000008 /* Theme */,
				E05000001000000100000009 /* Resources */,
			);
			path = Daycatcher;
			sourceTree = "<group>";
		};
		E05000001000000100000003 /* Products */ = {
			isa = PBXGroup;
			children = (
				E03000001000000100000001 /* Daycatcher.app */,
				E0T000004000000100000001 /* DaycatcherTests.xctest */,
			);
			name = Products;
			sourceTree = "<group>";
		};
		E05000001000000100000004 /* App */ = {
			isa = PBXGroup;
			children = (
				E02000001000000100000001 /* DaycatcherApp.swift */,
				E02000001000000100000002 /* ContentView.swift */,
				E02000001000000100000003 /* PersistenceController.swift */,
			);
			path = App;
			sourceTree = "<group>";
		};
		E05000001000000100000005 /* Models */ = {
			isa = PBXGroup;
			children = (
				E02000001000000100000004 /* Enums.swift */,
				E02000001000000100000005 /* LovedOne+CoreDataClass.swift */,
				E02000001000000100000006 /* Memory+CoreDataClass.swift */,
				E02000001000000100000007 /* Event+CoreDataClass.swift */,
				E02000001000000100000008 /* Tag+CoreDataClass.swift */,
				E02000001000000100000009 /* WeeklyDigest+CoreDataClass.swift */,
				E02000001000000100000010 /* Daycatcher.xcdatamodeld */,
			);
			path = Models;
			sourceTree = "<group>";
		};
		E05000001000000100000006 /* Views */ = {
			isa = PBXGroup;
			children = (
				E05000001000000100000010 /* Home */,
				E05000001000000100000011 /* LovedOnes */,
				E05000001000000100000012 /* Timeline */,
				E05000001000000100000013 /* Events */,
				E05000001000000100000017 /* Digests */,
				E05000001000000100000014 /* Settings */,
				E05000001000000100000015 /* Components */,
				E05000001000000100000016 /* Capture */,
			);
			path = Views;
			sourceTree = "<group>";
		};
		E05000001000000100000017 /* Digests */ = {
			isa = PBXGroup;
			children = (
				E02000001000000100000044 /* DigestsView.swift */,
				E02000001000000100000045 /* DigestDetailView.swift */,
			);
			path = Digests;
			sourceTree = "<group>";
		};
		E05000001000000100000007 /* Services */ = {
			isa = PBXGroup;
			children = (
				E02000001000000100000042 /* AITaggingService.swift */,
				E02000001000000100000043 /* DigestService.swift */,
				E02000001000000100000012 /* MediaManager.swift */,
				E02000001000000100000033 /* MediaSyncManager.swift */,
				E02000001000000100000041 /* NotificationManager.swift */,
				E02000001000000100000026 /* PermissionsManager.swift */,
				E02000001000000100000036 /* DiscoveryService.swift */,
				E02000001000000100000038 /* SearchHistoryManager.swift */,
			);
			path = Services;
			sourceTree = "<group>";
		};
		E05000001000000100000008 /* Theme */ = {
			isa = PBXGroup;
			children = (
				E02000001000000100000011 /* ThemeManager.swift */,
			);
			path = Theme;
			sourceTree = "<group>";
		};
		E05000001000000100000009 /* Resources */ = {
			isa = PBXGroup;
			children = (
			);
			path = Resources;
			sourceTree = "<group>";
		};
		E05000001000000100000010 /* Home */ = {
			isa = PBXGroup;
			children = (
				E02000001000000100000013 /* HomeView.swift */,
			);
			path = Home;
			sourceTree = "<group>";
		};
		E05000001000000100000011 /* LovedOnes */ = {
			isa = PBXGroup;
			children = (
				E02000001000000100000014 /* LovedOnesView.swift */,
				E02000001000000100000015 /* LovedOneDetailView.swift */,
				E02000001000000100000016 /* AddLovedOneView.swift */,
				E02000001000000100000017 /* EditLovedOneView.swift */,
			);
			path = LovedOnes;
			sourceTree = "<group>";
		};
		E05000001000000100000012 /* Timeline */ = {
			isa = PBXGroup;
			children = (
				E02000001000000100000018 /* MemoriesTimelineView.swift */,
				E02000001000000100000019 /* MemoryDetailView.swift */,
				E02000001000000100000020 /* EditMemoryView.swift */,
				E02000001000000100000035 /* CalendarTimelineView.swift */,
			);
			path = Timeline;
			sourceTree = "<group>";
		};
		E05000001000000100000013 /* Events */ = {
			isa = PBXGroup;
			children = (
				E02000001000000100000021 /* EventsView.swift */,
				E02000001000000100000022 /* EventDetailView.swift */,
				E02000001000000100000023 /* AddEventView.swift */,
				E02000001000000100000024 /* EditEventView.swift */,
			);
			path = Events;
			sourceTree = "<group>";
		};
		E05000001000000100000014 /* Settings */ = {
			isa = PBXGroup;
			children = (
				E02000001000000100000025 /* SettingsView.swift */,
			);
			path = Settings;
			sourceTree = "<group>";
		};
		E05000001000000100000015 /* Components */ = {
			isa = PBXGroup;
			children = (
				E02000001000000100000034 /* SyncStatusBadge.swift */,
				E02000001000000100000037 /* DiscoveryCard.swift */,
				E02000001000000100000039 /* SearchSuggestionsView.swift */,
				E02000001000000100000040 /* HighlightedText.swift */,
			);
			path = Components;
			sourceTree = "<group>";
		};
		E05000001000000100000016 /* Capture */ = {
			isa = PBXGroup;
			children = (
				E02000001000000100000027 /* PhotoCaptureView.swift */,
				E02000001000000100000028 /* VideoCaptureView.swift */,
				E02000001000000100000029 /* AudioCaptureView.swift */,
				E02000001000000100000031 /* TextCaptureView.swift */,
				E02000001000000100000032 /* CaptureFlowContainer.swift */,
			);
			path = Capture;
			sourceTree = "<group>";
		};
		E0T000006000000100000001 /* DaycatcherTests */ = {
			isa = PBXGroup;
			children = (
				E0T000002000000100000001 /* EnumTests.swift */,
				E0T000002000000100000002 /* MediaManagerTests.swift */,
				E0T000002000000100000003 /* MediaSyncManagerTests.swift */,
			);
			path = DaycatcherTests;
			sourceTree = "<group>";
		};
/* End PBXGroup section */

/* Begin PBXNativeTarget section */
		E06000001000000100000001 /* Daycatcher */ = {
			isa = PBXNativeTarget;
			buildConfigurationList = E08000001000000100000001 /* Build configuration list for PBXNativeTarget "Daycatcher" */;
			buildPhases = (
				E07000001000000100000001 /* Sources */,
				E04000001000000100000001 /* Frameworks */,
				E07000001000000100000002 /* Resources */,
			);
			buildRules = (
			);
			dependencies = (
			);
			name = Daycatcher;
			productName = Daycatcher;
			productReference = E03000001000000100000001 /* Daycatcher.app */;
			productType = "com.apple.product-type.application";
		};
		E0T000007000000100000001 /* DaycatcherTests */ = {
			isa = PBXNativeTarget;
			buildConfigurationList = E0T000008000000100000001 /* Build configuration list for PBXNativeTarget "DaycatcherTests" */;
			buildPhases = (
				E0T000009000000100000001 /* Sources */,
				E0T000005000000100000001 /* Frameworks */,
				E0T00000A000000100000001 /* Resources */,
			);
			buildRules = (
			);
			dependencies = (
				E0T000003000000100000002 /* PBXTargetDependency */,
			);
			name = DaycatcherTests;
			productName = DaycatcherTests;
			productReference = E0T000004000000100000001 /* DaycatcherTests.xctest */;
			productType = "com.apple.product-type.bundle.unit-test";
		};
/* End PBXNativeTarget section */

/* Begin PBXProject section */
		E09000001000000100000001 /* Project object */ = {
			isa = PBXProject;
			attributes = {
				BuildIndependentTargetsInParallel = 1;
				LastSwiftUpdateCheck = 1500;
				LastUpgradeCheck = 1500;
				TargetAttributes = {
					E06000001000000100000001 = {
						CreatedOnToolsVersion = 15.0;
					};
					E0T000007000000100000001 = {
						CreatedOnToolsVersion = 15.0;
						TestTargetID = E06000001000000100000001;
					};
				};
			};
			buildConfigurationList = E08000001000000100000002 /* Build configuration list for PBXProject "Daycatcher" */;
			compatibilityVersion = "Xcode 14.0";
			developmentRegion = en;
			hasScannedForEncodings = 0;
			knownRegions = (
				en,
				Base,
			);
			mainGroup = E05000001000000100000001;
			productRefGroup = E05000001000000100000003 /* Products */;
			projectDirPath = "";
			projectRoot = "";
			targets = (
				E06000001000000100000001 /* Daycatcher */,
				E0T000007000000100000001 /* DaycatcherTests */,
			);
		};
/* End PBXProject section */

/* Begin PBXResourcesBuildPhase section */
		E07000001000000100000002 /* Resources */ = {
			isa = PBXResourcesBuildPhase;
			buildActionMask = 2147483647;
			files = (
			);
			runOnlyForDeploymentPostprocessing = 0;
		};
		E0T00000A000000100000001 /* Resources */ = {
			isa = PBXResourcesBuildPhase;
			buildActionMask = 2147483647;
			files = (
			);
			runOnlyForDeploymentPostprocessing = 0;
		};
/* End PBXResourcesBuildPhase section */

/* Begin PBXSourcesBuildPhase section */
		E07000001000000100000001 /* Sources */ = {
			isa = PBXSourcesBuildPhase;
			buildActionMask = 2147483647;
			files = (
				E01000001000000100000001 /* DaycatcherApp.swift in Sources */,
				E01000001000000100000002 /* ContentView.swift in Sources */,
				E01000001000000100000003 /* PersistenceController.swift in Sources */,
				E01000001000000100000004 /* Enums.swift in Sources */,
				E01000001000000100000005 /* LovedOne+CoreDataClass.swift in Sources */,
				E01000001000000100000006 /* Memory+CoreDataClass.swift in Sources */,
				E01000001000000100000007 /* Event+CoreDataClass.swift in Sources */,
				E01000001000000100000008 /* Tag+CoreDataClass.swift in Sources */,
				E01000001000000100000009 /* WeeklyDigest+CoreDataClass.swift in Sources */,
				E01000001000000100000010 /* Daycatcher.xcdatamodeld in Sources */,
				E01000001000000100000011 /* ThemeManager.swift in Sources */,
				E01000001000000100000012 /* MediaManager.swift in Sources */,
				E01000001000000100000013 /* HomeView.swift in Sources */,
				E01000001000000100000014 /* LovedOnesView.swift in Sources */,
				E01000001000000100000015 /* LovedOneDetailView.swift in Sources */,
				E01000001000000100000016 /* AddLovedOneView.swift in Sources */,
				E01000001000000100000017 /* EditLovedOneView.swift in Sources */,
				E01000001000000100000018 /* MemoriesTimelineView.swift in Sources */,
				E01000001000000100000019 /* MemoryDetailView.swift in Sources */,
				E01000001000000100000020 /* EditMemoryView.swift in Sources */,
				E01000001000000100000021 /* EventsView.swift in Sources */,
				E01000001000000100000022 /* EventDetailView.swift in Sources */,
				E01000001000000100000023 /* AddEventView.swift in Sources */,
				E01000001000000100000024 /* EditEventView.swift in Sources */,
				E01000001000000100000025 /* SettingsView.swift in Sources */,
				E01000001000000100000026 /* PermissionsManager.swift in Sources */,
				E01000001000000100000027 /* PhotoCaptureView.swift in Sources */,
				E01000001000000100000028 /* VideoCaptureView.swift in Sources */,
				E01000001000000100000029 /* AudioCaptureView.swift in Sources */,
				E01000001000000100000030 /* TextCaptureView.swift in Sources */,
				E01000001000000100000032 /* CaptureFlowContainer.swift in Sources */,
				E01000001000000100000033 /* MediaSyncManager.swift in Sources */,
				E01000001000000100000034 /* SyncStatusBadge.swift in Sources */,
				E01000001000000100000035 /* CalendarTimelineView.swift in Sources */,
				E01000001000000100000036 /* DiscoveryService.swift in Sources */,
				E01000001000000100000037 /* DiscoveryCard.swift in Sources */,
				E01000001000000100000038 /* SearchHistoryManager.swift in Sources */,
				E01000001000000100000039 /* SearchSuggestionsView.swift in Sources */,
				E01000001000000100000040 /* HighlightedText.swift in Sources */,
				E01000001000000100000041 /* NotificationManager.swift in Sources */,
				E01000001000000100000042 /* AITaggingService.swift in Sources */,
				E01000001000000100000043 /* DigestService.swift in Sources */,
				E01000001000000100000044 /* DigestsView.swift in Sources */,
				E01000001000000100000045 /* DigestDetailView.swift in Sources */,
			);
			runOnlyForDeploymentPostprocessing = 0;
		};
		E0T000009000000100000001 /* Sources */ = {
			isa = PBXSourcesBuildPhase;
			buildActionMask = 2147483647;
			files = (
				E0T000001000000100000001 /* EnumTests.swift in Sources */,
				E0T000001000000100000002 /* MediaManagerTests.swift in Sources */,
				E0T000001000000100000003 /* MediaSyncManagerTests.swift in Sources */,
			);
			runOnlyForDeploymentPostprocessing = 0;
		};
/* End PBXSourcesBuildPhase section */

/* Begin PBXTargetDependency section */
		E0T000003000000100000002 /* PBXTargetDependency */ = {
			isa = PBXTargetDependency;
			target = E06000001000000100000001 /* Daycatcher */;
			targetProxy = E0T000003000000100000001 /* PBXContainerItemProxy */;
		};
/* End PBXTargetDependency section */

/* Begin XCBuildConfiguration section */
		E0A000001000000100000001 /* Debug */ = {
			isa = XCBuildConfiguration;
			buildSettings = {
				ALWAYS_SEARCH_USER_PATHS = NO;
				ASSETCATALOG_COMPILER_GENERATE_SWIFT_ASSET_SYMBOL_EXTENSIONS = YES;
				CLANG_ANALYZER_NONNULL = YES;
				CLANG_ANALYZER_NUMBER_OBJECT_CONVERSION = YES_AGGRESSIVE;
				CLANG_CXX_LANGUAGE_STANDARD = "gnu++20";
				CLANG_ENABLE_MODULES = YES;
				CLANG_ENABLE_OBJC_ARC = YES;
				CLANG_ENABLE_OBJC_WEAK = YES;
				CLANG_WARN_BLOCK_CAPTURE_AUTORELEASING = YES;
				CLANG_WARN_BOOL_CONVERSION = YES;
				CLANG_WARN_COMMA = YES;
				CLANG_WARN_CONSTANT_CONVERSION = YES;
				CLANG_WARN_DEPRECATED_OBJC_IMPLEMENTATIONS = YES;
				CLANG_WARN_DIRECT_OBJC_ISA_USAGE = YES_ERROR;
				CLANG_WARN_DOCUMENTATION_COMMENTS = YES;
				CLANG_WARN_EMPTY_BODY = YES;
				CLANG_WARN_ENUM_CONVERSION = YES;
				CLANG_WARN_INFINITE_RECURSION = YES;
				CLANG_WARN_INT_CONVERSION = YES;
				CLANG_WARN_NON_LITERAL_NULL_CONVERSION = YES;
				CLANG_WARN_OBJC_IMPLICIT_RETAIN_SELF = YES;
				CLANG_WARN_OBJC_LITERAL_CONVERSION = YES;
				CLANG_WARN_OBJC_ROOT_CLASS = YES_ERROR;
				CLANG_WARN_QUOTED_INCLUDE_IN_FRAMEWORK_HEADER = YES;
				CLANG_WARN_RANGE_LOOP_ANALYSIS = YES;
				CLANG_WARN_STRICT_PROTOTYPES = YES;
				CLANG_WARN_SUSPICIOUS_MOVE = YES;
				CLANG_WARN_UNGUARDED_AVAILABILITY = YES_AGGRESSIVE;
				CLANG_WARN_UNREACHABLE_CODE = YES;
				CLANG_WARN__DUPLICATE_METHOD_MATCH = YES;
				COPY_PHASE_STRIP = NO;
				DEBUG_INFORMATION_FORMAT = dwarf;
				ENABLE_STRICT_OBJC_MSGSEND = YES;
				ENABLE_TESTABILITY = YES;
				ENABLE_USER_SCRIPT_SANDBOXING = YES;
				GCC_C_LANGUAGE_STANDARD = gnu17;
				GCC_DYNAMIC_NO_PIC = NO;
				GCC_NO_COMMON_BLOCKS = YES;
				GCC_OPTIMIZATION_LEVEL = 0;
				GCC_PREPROCESSOR_DEFINITIONS = (
					"DEBUG=1",
					"$(inherited)",
				);
				GCC_WARN_64_TO_32_BIT_CONVERSION = YES;
				GCC_WARN_ABOUT_RETURN_TYPE = YES_ERROR;
				GCC_WARN_UNDECLARED_SELECTOR = YES;
				GCC_WARN_UNINITIALIZED_AUTOS = YES_AGGRESSIVE;
				GCC_WARN_UNUSED_FUNCTION = YES;
				GCC_WARN_UNUSED_VARIABLE = YES;
				IPHONEOS_DEPLOYMENT_TARGET = 18.0;
				LOCALIZATION_PREFERS_STRING_CATALOGS = YES;
				MTL_ENABLE_DEBUG_INFO = INCLUDE_SOURCE;
				MTL_FAST_MATH = YES;
				ONLY_ACTIVE_ARCH = YES;
				SDKROOT = iphoneos;
				SWIFT_ACTIVE_COMPILATION_CONDITIONS = "DEBUG $(inherited)";
				SWIFT_OPTIMIZATION_LEVEL = "-Onone";
			};
			name = Debug;
		};
		E0A000001000000100000002 /* Release */ = {
			isa = XCBuildConfiguration;
			buildSettings = {
				ALWAYS_SEARCH_USER_PATHS = NO;
				ASSETCATALOG_COMPILER_GENERATE_SWIFT_ASSET_SYMBOL_EXTENSIONS = YES;
				CLANG_ANALYZER_NONNULL = YES;
				CLANG_ANALYZER_NUMBER_OBJECT_CONVERSION = YES_AGGRESSIVE;
				CLANG_CXX_LANGUAGE_STANDARD = "gnu++20";
				CLANG_ENABLE_MODULES = YES;
				CLANG_ENABLE_OBJC_ARC = YES;
				CLANG_ENABLE_OBJC_WEAK = YES;
				CLANG_WARN_BLOCK_CAPTURE_AUTORELEASING = YES;
				CLANG_WARN_BOOL_CONVERSION = YES;
				CLANG_WARN_COMMA = YES;
				CLANG_WARN_CONSTANT_CONVERSION = YES;
				CLANG_WARN_DEPRECATED_OBJC_IMPLEMENTATIONS = YES;
				CLANG_WARN_DIRECT_OBJC_ISA_USAGE = YES_ERROR;
				CLANG_WARN_DOCUMENTATION_COMMENTS = YES;
				CLANG_WARN_EMPTY_BODY = YES;
				CLANG_WARN_ENUM_CONVERSION = YES;
				CLANG_WARN_INFINITE_RECURSION = YES;
				CLANG_WARN_INT_CONVERSION = YES;
				CLANG_WARN_NON_LITERAL_NULL_CONVERSION = YES;
				CLANG_WARN_OBJC_IMPLICIT_RETAIN_SELF = YES;
				CLANG_WARN_OBJC_LITERAL_CONVERSION = YES;
				CLANG_WARN_OBJC_ROOT_CLASS = YES_ERROR;
				CLANG_WARN_QUOTED_INCLUDE_IN_FRAMEWORK_HEADER = YES;
				CLANG_WARN_RANGE_LOOP_ANALYSIS = YES;
				CLANG_WARN_STRICT_PROTOTYPES = YES;
				CLANG_WARN_SUSPICIOUS_MOVE = YES;
				CLANG_WARN_UNGUARDED_AVAILABILITY = YES_AGGRESSIVE;
				CLANG_WARN_UNREACHABLE_CODE = YES;
				CLANG_WARN__DUPLICATE_METHOD_MATCH = YES;
				COPY_PHASE_STRIP = NO;
				DEBUG_INFORMATION_FORMAT = "dwarf-with-dsym";
				ENABLE_NS_ASSERTIONS = NO;
				ENABLE_STRICT_OBJC_MSGSEND = YES;
				ENABLE_USER_SCRIPT_SANDBOXING = YES;
				GCC_C_LANGUAGE_STANDARD = gnu17;
				GCC_NO_COMMON_BLOCKS = YES;
				GCC_WARN_64_TO_32_BIT_CONVERSION = YES;
				GCC_WARN_ABOUT_RETURN_TYPE = YES_ERROR;
				GCC_WARN_UNDECLARED_SELECTOR = YES;
				GCC_WARN_UNINITIALIZED_AUTOS = YES_AGGRESSIVE;
				GCC_WARN_UNUSED_FUNCTION = YES;
				GCC_WARN_UNUSED_VARIABLE = YES;
				IPHONEOS_DEPLOYMENT_TARGET = 18.0;
				LOCALIZATION_PREFERS_STRING_CATALOGS = YES;
				MTL_ENABLE_DEBUG_INFO = NO;
				MTL_FAST_MATH = YES;
				SDKROOT = iphoneos;
				SWIFT_COMPILATION_MODE = wholemodule;
				VALIDATE_PRODUCT = YES;
			};
			name = Release;
		};
		E0A000001000000100000003 /* Debug */ = {
			isa = XCBuildConfiguration;
			buildSettings = {
				ASSETCATALOG_COMPILER_APPICON_NAME = AppIcon;
				ASSETCATALOG_COMPILER_GLOBAL_ACCENT_COLOR_NAME = AccentColor;
				CODE_SIGN_ENTITLEMENTS = Daycatcher/Daycatcher.entitlements;
				CODE_SIGN_STYLE = Automatic;
				CURRENT_PROJECT_VERSION = 1;
				DEVELOPMENT_TEAM = PPJ6MUG34F;
				ENABLE_PREVIEWS = YES;
				GENERATE_INFOPLIST_FILE = YES;
				INFOPLIST_KEY_CFBundleDisplayName = Daycatcher;
				INFOPLIST_KEY_LSApplicationCategoryType = "public.app-category.lifestyle";
				INFOPLIST_KEY_NSCameraUsageDescription = "Daycatcher needs access to your camera to capture photos and videos.";
				INFOPLIST_KEY_NSMicrophoneUsageDescription = "Daycatcher needs access to your microphone to record audio memories.";
				INFOPLIST_KEY_NSPhotoLibraryUsageDescription = "Daycatcher needs access to your photo library to import photos and videos.";
				INFOPLIST_KEY_UIApplicationSceneManifest_Generation = YES;
				INFOPLIST_KEY_UIApplicationSupportsIndirectInputEvents = YES;
				INFOPLIST_KEY_UILaunchScreen_Generation = YES;
				INFOPLIST_KEY_UISupportedInterfaceOrientations_iPad = "UIInterfaceOrientationPortrait UIInterfaceOrientationPortraitUpsideDown UIInterfaceOrientationLandscapeLeft UIInterfaceOrientationLandscapeRight";
				INFOPLIST_KEY_UISupportedInterfaceOrientations_iPhone = "UIInterfaceOrientationPortrait UIInterfaceOrientationLandscapeLeft UIInterfaceOrientationLandscapeRight";
				LD_RUNPATH_SEARCH_PATHS = (
					"$(inherited)",
					"@executable_path/Frameworks",
				);
				MARKETING_VERSION = 1.0;
				PRODUCT_BUNDLE_IDENTIFIER = com.daycatchers.app;
				PRODUCT_NAME = "$(TARGET_NAME)";
				SUPPORTED_PLATFORMS = "iphoneos iphonesimulator";
				SUPPORTS_MACCATALYST = NO;
				SWIFT_EMIT_LOC_STRINGS = YES;
				SWIFT_VERSION = 5.0;
				TARGETED_DEVICE_FAMILY = "1,2";
			};
			name = Debug;
		};
		E0A000001000000100000004 /* Release */ = {
			isa = XCBuildConfiguration;
			buildSettings = {
				ASSETCATALOG_COMPILER_APPICON_NAME = AppIcon;
				ASSETCATALOG_COMPILER_GLOBAL_ACCENT_COLOR_NAME = AccentColor;
				CODE_SIGN_ENTITLEMENTS = Daycatcher/Daycatcher.entitlements;
				CODE_SIGN_STYLE = Automatic;
				CURRENT_PROJECT_VERSION = 1;
				DEVELOPMENT_TEAM = PPJ6MUG34F;
				ENABLE_PREVIEWS = YES;
				GENERATE_INFOPLIST_FILE = YES;
				INFOPLIST_KEY_CFBundleDisplayName = Daycatcher;
				INFOPLIST_KEY_LSApplicationCategoryType = "public.app-category.lifestyle";
				INFOPLIST_KEY_NSCameraUsageDescription = "Daycatcher needs access to your camera to capture photos and videos.";
				INFOPLIST_KEY_NSMicrophoneUsageDescription = "Daycatcher needs access to your microphone to record audio memories.";
				INFOPLIST_KEY_NSPhotoLibraryUsageDescription = "Daycatcher needs access to your photo library to import photos and videos.";
				INFOPLIST_KEY_UIApplicationSceneManifest_Generation = YES;
				INFOPLIST_KEY_UIApplicationSupportsIndirectInputEvents = YES;
				INFOPLIST_KEY_UILaunchScreen_Generation = YES;
				INFOPLIST_KEY_UISupportedInterfaceOrientations_iPad = "UIInterfaceOrientationPortrait UIInterfaceOrientationPortraitUpsideDown UIInterfaceOrientationLandscapeLeft UIInterfaceOrientationLandscapeRight";
				INFOPLIST_KEY_UISupportedInterfaceOrientations_iPhone = "UIInterfaceOrientationPortrait UIInterfaceOrientationLandscapeLeft UIInterfaceOrientationLandscapeRight";
				LD_RUNPATH_SEARCH_PATHS = (
					"$(inherited)",
					"@executable_path/Frameworks",
				);
				MARKETING_VERSION = 1.0;
				PRODUCT_BUNDLE_IDENTIFIER = com.daycatchers.app;
				PRODUCT_NAME = "$(TARGET_NAME)";
				SUPPORTED_PLATFORMS = "iphoneos iphonesimulator";
				SUPPORTS_MACCATALYST = NO;
				SWIFT_EMIT_LOC_STRINGS = YES;
				SWIFT_VERSION = 5.0;
				TARGETED_DEVICE_FAMILY = "1,2";
			};
			name = Release;
		};
		E0T00000B000000100000001 /* Debug */ = {
			isa = XCBuildConfiguration;
			buildSettings = {
				BUNDLE_LOADER = "$(TEST_HOST)";
				CODE_SIGN_STYLE = Automatic;
				CURRENT_PROJECT_VERSION = 1;
				DEVELOPMENT_TEAM = "";
				GENERATE_INFOPLIST_FILE = YES;
				IPHONEOS_DEPLOYMENT_TARGET = 18.0;
				MARKETING_VERSION = 1.0;
				PRODUCT_BUNDLE_IDENTIFIER = com.daycatchers.app.tests;
				PRODUCT_NAME = "$(TARGET_NAME)";
				SUPPORTED_PLATFORMS = "iphoneos iphonesimulator";
				SUPPORTS_MACCATALYST = NO;
				SWIFT_EMIT_LOC_STRINGS = NO;
				SWIFT_VERSION = 5.0;
				TARGETED_DEVICE_FAMILY = "1,2";
				TEST_HOST = "$(BUILT_PRODUCTS_DIR)/Daycatcher.app/$(BUNDLE_EXECUTABLE_FOLDER_PATH)/Daycatcher";
			};
			name = Debug;
		};
		E0T00000B000000100000002 /* Release */ = {
			isa = XCBuildConfiguration;
			buildSettings = {
				BUNDLE_LOADER = "$(TEST_HOST)";
				CODE_SIGN_STYLE = Automatic;
				CURRENT_PROJECT_VERSION = 1;
				DEVELOPMENT_TEAM = "";
				GENERATE_INFOPLIST_FILE = YES;
				IPHONEOS_DEPLOYMENT_TARGET = 18.0;
				MARKETING_VERSION = 1.0;
				PRODUCT_BUNDLE_IDENTIFIER = com.daycatchers.app.tests;
				PRODUCT_NAME = "$(TARGET_NAME)";
				SUPPORTED_PLATFORMS = "iphoneos iphonesimulator";
				SUPPORTS_MACCATALYST = NO;
				SWIFT_EMIT_LOC_STRINGS = NO;
				SWIFT_VERSION = 5.0;
				TARGETED_DEVICE_FAMILY = "1,2";
				TEST_HOST = "$(BUILT_PRODUCTS_DIR)/Daycatcher.app/$(BUNDLE_EXECUTABLE_FOLDER_PATH)/Daycatcher";
			};
			name = Release;
		};
/* End XCBuildConfiguration section */

/* Begin XCConfigurationList section */
		E08000001000000100000001 /* Build configuration list for PBXNativeTarget "Daycatcher" */ = {
			isa = XCConfigurationList;
			buildConfigurations = (
				E0A000001000000100000003 /* Debug */,
				E0A000001000000100000004 /* Release */,
			);
			defaultConfigurationIsVisible = 0;
			defaultConfigurationName = Release;
		};
		E08000001000000100000002 /* Build configuration list for PBXProject "Daycatcher" */ = {
			isa = XCConfigurationList;
			buildConfigurations = (
				E0A000001000000100000001 /* Debug */,
				E0A000001000000100000002 /* Release */,
			);
			defaultConfigurationIsVisible = 0;
			defaultConfigurationName = Release;
		};
		E0T000008000000100000001 /* Build configuration list for PBXNativeTarget "DaycatcherTests" */ = {
			isa = XCConfigurationList;
			buildConfigurations = (
				E0T00000B000000100000001 /* Debug */,
				E0T00000B000000100000002 /* Release */,
			);
			defaultConfigurationIsVisible = 0;
			defaultConfigurationName = Release;
		};
/* End XCConfigurationList section */

/* Begin XCVersionGroup section */
		E02000001000000100000010 /* Daycatcher.xcdatamodeld */ = {
			isa = XCVersionGroup;
			children = (
				E02000001000000100000030 /* Daycatcher.xcdatamodel */,
			);
			currentVersion = E02000001000000100000030 /* Daycatcher.xcdatamodel */;
			path = Daycatcher.xcdatamodeld;
			sourceTree = "<group>";
			versionGroupType = wrapper.xcdatamodel;
		};
/* End XCVersionGroup section */
	};
	rootObject = E09000001000000100000001 /* Project object */;
}
